
Microsoft Visual Studio Solution File, Format Version 12.00
# Visual Studio 2013
VisualStudioVersion = 12.0.30501.0
MinimumVisualStudioVersion = 10.0.40219.1
Project("{FAE04EC0-301F-11D3-BF4B-00C04F79EFBC}") = "Touch.Business.Authentication", "Touch.Business.Authentication\Touch.Business.Authentication.csproj", "{5870EE76-04B0-4191-BF83-EE3E69193BB2}"
EndProject
Project("{FAE04EC0-301F-11D3-BF4B-00C04F79EFBC}") = "Touch.Business.Identity", "Touch.Business.Identity\Touch.Business.Identity.csproj", "{67665346-2435-475E-AF30-A05B5F49EF54}"
EndProject
Global
	GlobalSection(SolutionConfigurationPlatforms) = preSolution
		Debug|Any CPU = Debug|Any CPU
		Release|Any CPU = Release|Any CPU
	EndGlobalSection
	GlobalSection(ProjectConfigurationPlatforms) = postSolution
		{5870EE76-04B0-4191-BF83-EE3E69193BB2}.Debug|Any CPU.ActiveCfg = Debug|Any CPU
		{5870EE76-04B0-4191-BF83-EE3E69193BB2}.Debug|Any CPU.Build.0 = Debug|Any CPU
		{5870EE76-04B0-4191-BF83-EE3E69193BB2}.Release|Any CPU.ActiveCfg = Release|Any CPU
		{5870EE76-04B0-4191-BF83-EE3E69193BB2}.Release|Any CPU.Build.0 = Release|Any CPU
		{67665346-2435-475E-AF30-A05B5F49EF54}.Debug|Any CPU.ActiveCfg = Debug|Any CPU
		{67665346-2435-475E-AF30-A05B5F49EF54}.Debug|Any CPU.Build.0 = Debug|Any CPU
		{67665346-2435-475E-AF30-A05B5F49EF54}.Release|Any CPU.ActiveCfg = Release|Any CPU
		{67665346-2435-475E-AF30-A05B5F49EF54}.Release|Any CPU.Build.0 = Release|Any CPU
	EndGlobalSection
	GlobalSection(SolutionProperties) = preSolution
		HideSolutionNode = FALSE
	EndGlobalSection
EndGlobal
